// !$*UTF8*$!
{
	archiveVersion = 1;
	classes = {
	};
	objectVersion = 50;
	objects = {

/* Begin PBXBuildFile section */
		2FEF556B228DCC3700832118 /* AppDelegate.swift in Sources */ = {isa = PBXBuildFile; fileRef = 2FEF556A228DCC3700832118 /* AppDelegate.swift */; };
		2FEF556D228DCC3700832118 /* ViewController.swift in Sources */ = {isa = PBXBuildFile; fileRef = 2FEF556C228DCC3700832118 /* ViewController.swift */; };
		2FEF556F228DCC3700832118 /* Document.swift in Sources */ = {isa = PBXBuildFile; fileRef = 2FEF556E228DCC3700832118 /* Document.swift */; };
		2FEF5572228DCC3700832118 /* Document.xcdatamodeld in Sources */ = {isa = PBXBuildFile; fileRef = 2FEF5570228DCC3700832118 /* Document.xcdatamodeld */; };
		2FEF5574228DCC3800832118 /* Assets.xcassets in Resources */ = {isa = PBXBuildFile; fileRef = 2FEF5573228DCC3800832118 /* Assets.xcassets */; };
		2FEF5577228DCC3800832118 /* Main.storyboard in Resources */ = {isa = PBXBuildFile; fileRef = 2FEF5575228DCC3800832118 /* Main.storyboard */; };
		2FEF5583228DCC3800832118 /* FolderColorTests.swift in Sources */ = {isa = PBXBuildFile; fileRef = 2FEF5582228DCC3800832118 /* FolderColorTests.swift */; };
		2FEF558E228DCC3800832118 /* FolderColorUITests.swift in Sources */ = {isa = PBXBuildFile; fileRef = 2FEF558D228DCC3800832118 /* FolderColorUITests.swift */; };
/* End PBXBuildFile section */

/* Begin PBXContainerItemProxy section */
		2FEF557F228DCC3800832118 /* PBXContainerItemProxy */ = {
			isa = PBXContainerItemProxy;
			containerPortal = 2FEF555F228DCC3700832118 /* Project object */;
			proxyType = 1;
			remoteGlobalIDString = 2FEF5566228DCC3700832118;
			remoteInfo = FolderColor;
		};
		2FEF558A228DCC3800832118 /* PBXContainerItemProxy */ = {
			isa = PBXContainerItemProxy;
			containerPortal = 2FEF555F228DCC3700832118 /* Project object */;
			proxyType = 1;
			remoteGlobalIDString = 2FEF5566228DCC3700832118;
			remoteInfo = FolderColor;
		};
/* End PBXContainerItemProxy section */

/* Begin PBXFileReference section */
		2FEF5567228DCC3700832118 /* FolderColor.app */ = {isa = PBXFileReference; explicitFileType = wrapper.application; includeInIndex = 0; path = FolderColor.app; sourceTree = BUILT_PRODUCTS_DIR; };
		2FEF556A228DCC3700832118 /* AppDelegate.swift */ = {isa = PBXFileReference; lastKnownFileType = sourcecode.swift; path = AppDelegate.swift; sourceTree = "<group>"; };
		2FEF556C228DCC3700832118 /* ViewController.swift */ = {isa = PBXFileReference; lastKnownFileType = sourcecode.swift; path = ViewController.swift; sourceTree = "<group>"; };
		2FEF556E228DCC3700832118 /* Document.swift */ = {isa = PBXFileReference; lastKnownFileType = sourcecode.swift; path = Document.swift; sourceTree = "<group>"; };
		2FEF5571228DCC3700832118 /* Document.xcdatamodel */ = {isa = PBXFileReference; lastKnownFileType = wrapper.xcdatamodel; path = Document.xcdatamodel; sourceTree = "<group>"; };
		2FEF5573228DCC3800832118 /* Assets.xcassets */ = {isa = PBXFileReference; lastKnownFileType = folder.assetcatalog; path = Assets.xcassets; sourceTree = "<group>"; };
		2FEF5576228DCC3800832118 /* Base */ = {isa = PBXFileReference; lastKnownFileType = file.storyboard; name = Base; path = Base.lproj/Main.storyboard; sourceTree = "<group>"; };
		2FEF5578228DCC3800832118 /* Info.plist */ = {isa = PBXFileReference; lastKnownFileType = text.plist.xml; path = Info.plist; sourceTree = "<group>"; };
		2FEF5579228DCC3800832118 /* FolderColor.entitlements */ = {isa = PBXFileReference; lastKnownFileType = text.plist.entitlements; path = FolderColor.entitlements; sourceTree = "<group>"; };
		2FEF557E228DCC3800832118 /* FolderColorTests.xctest */ = {isa = PBXFileReference; explicitFileType = wrapper.cfbundle; includeInIndex = 0; path = FolderColorTests.xctest; sourceTree = BUILT_PRODUCTS_DIR; };
		2FEF5582228DCC3800832118 /* FolderColorTests.swift */ = {isa = PBXFileReference; lastKnownFileType = sourcecode.swift; path = FolderColorTests.swift; sourceTree = "<group>"; };
		2FEF5584228DCC3800832118 /* Info.plist */ = {isa = PBXFileReference; lastKnownFileType = text.plist.xml; path = Info.plist; sourceTree = "<group>"; };
		2FEF5589228DCC3800832118 /* FolderColorUITests.xctest */ = {isa = PBXFileReference; explicitFileType = wrapper.cfbundle; includeInIndex = 0; path = FolderColorUITests.xctest; sourceTree = BUILT_PRODUCTS_DIR; };
		2FEF558D228DCC3800832118 /* FolderColorUITests.swift */ = {isa = PBXFileReference; lastKnownFileType = sourcecode.swift; path = FolderColorUITests.swift; sourceTree = "<group>"; };
		2FEF558F228DCC3800832118 /* Info.plist */ = {isa = PBXFileReference; lastKnownFileType = text.plist.xml; path = Info.plist; sourceTree = "<group>"; };
/* End PBXFileReference section */

/* Begin PBXFrameworksBuildPhase section */
		2FEF5564228DCC3700832118 /* Frameworks */ = {
			isa = PBXFrameworksBuildPhase;
			buildActionMask = 2147483647;
			files = (
			);
			runOnlyForDeploymentPostprocessing = 0;
		};
		2FEF557B228DCC3800832118 /* Frameworks */ = {
			isa = PBXFrameworksBuildPhase;
			buildActionMask = 2147483647;
			files = (
			);
			runOnlyForDeploymentPostprocessing = 0;
		};
		2FEF5586228DCC3800832118 /* Frameworks */ = {
			isa = PBXFrameworksBuildPhase;
			buildActionMask = 2147483647;
			files = (
			);
			runOnlyForDeploymentPostprocessing = 0;
		};
/* End PBXFrameworksBuildPhase section */

/* Begin PBXGroup section */
		2FEF555E228DCC3700832118 = {
			isa = PBXGroup;
			children = (
				2FEF5569228DCC3700832118 /* FolderColor */,
				2FEF5581228DCC3800832118 /* FolderColorTests */,
				2FEF558C228DCC3800832118 /* FolderColorUITests */,
				2FEF5568228DCC3700832118 /* Products */,
			);
			sourceTree = "<group>";
		};
		2FEF5568228DCC3700832118 /* Products */ = {
			isa = PBXGroup;
			children = (
				2FEF5567228DCC3700832118 /* FolderColor.app */,
				2FEF557E228DCC3800832118 /* FolderColorTests.xctest */,
				2FEF5589228DCC3800832118 /* FolderColorUITests.xctest */,
			);
			name = Products;
			sourceTree = "<group>";
		};
		2FEF5569228DCC3700832118 /* FolderColor */ = {
			isa = PBXGroup;
			children = (
				2FEF559B228DCCA400832118 /* Main */,
				2FEF556A228DCC3700832118 /* AppDelegate.swift */,
				2FEF556C228DCC3700832118 /* ViewController.swift */,
				2FEF556E228DCC3700832118 /* Document.swift */,
				2FEF5573228DCC3800832118 /* Assets.xcassets */,
				2FEF5575228DCC3800832118 /* Main.storyboard */,
				2FEF5578228DCC3800832118 /* Info.plist */,
				2FEF5579228DCC3800832118 /* FolderColor.entitlements */,
				2FEF5570228DCC3700832118 /* Document.xcdatamodeld */,
			);
			path = FolderColor;
			sourceTree = "<group>";
		};
		2FEF5581228DCC3800832118 /* FolderColorTests */ = {
			isa = PBXGroup;
			children = (
				2FEF5582228DCC3800832118 /* FolderColorTests.swift */,
				2FEF5584228DCC3800832118 /* Info.plist */,
			);
			path = FolderColorTests;
			sourceTree = "<group>";
		};
		2FEF558C228DCC3800832118 /* FolderColorUITests */ = {
			isa = PBXGroup;
			children = (
				2FEF558D228DCC3800832118 /* FolderColorUITests.swift */,
				2FEF558F228DCC3800832118 /* Info.plist */,
			);
			path = FolderColorUITests;
			sourceTree = "<group>";
		};
		2FEF559B228DCCA400832118 /* Main */ = {
			isa = PBXGroup;
			children = (
				2FEF559E228DCCBA00832118 /* Modal */,
				2FEF559D228DCCB600832118 /* View */,
				2FEF559C228DCCAE00832118 /* Controller */,
			);
			name = Main;
			sourceTree = "<group>";
		};
		2FEF559C228DCCAE00832118 /* Controller */ = {
			isa = PBXGroup;
			children = (
			);
			path = Controller;
			sourceTree = "<group>";
		};
		2FEF559D228DCCB600832118 /* View */ = {
			isa = PBXGroup;
			children = (
			);
			name = View;
			sourceTree = "<group>";
		};
		2FEF559E228DCCBA00832118 /* Modal */ = {
			isa = PBXGroup;
			children = (
			);
			name = Modal;
			sourceTree = "<group>";
		};
/* End PBXGroup section */

/* Begin PBXNativeTarget section */
		2FEF5566228DCC3700832118 /* FolderColor */ = {
			isa = PBXNativeTarget;
			buildConfigurationList = 2FEF5592228DCC3800832118 /* Build configuration list for PBXNativeTarget "FolderColor" */;
			buildPhases = (
				2FEF5563228DCC3700832118 /* Sources */,
				2FEF5564228DCC3700832118 /* Frameworks */,
				2FEF5565228DCC3700832118 /* Resources */,
			);
			buildRules = (
			);
			dependencies = (
			);
			name = FolderColor;
			productName = FolderColor;
			productReference = 2FEF5567228DCC3700832118 /* FolderColor.app */;
			productType = "com.apple.product-type.application";
		};
		2FEF557D228DCC3800832118 /* FolderColorTests */ = {
			isa = PBXNativeTarget;
			buildConfigurationList = 2FEF5595228DCC3800832118 /* Build configuration list for PBXNativeTarget "FolderColorTests" */;
			buildPhases = (
				2FEF557A228DCC3800832118 /* Sources */,
				2FEF557B228DCC3800832118 /* Frameworks */,
				2FEF557C228DCC3800832118 /* Resources */,
			);
			buildRules = (
			);
			dependencies = (
				2FEF5580228DCC3800832118 /* PBXTargetDependency */,
			);
			name = FolderColorTests;
			productName = FolderColorTests;
			productReference = 2FEF557E228DCC3800832118 /* FolderColorTests.xctest */;
			productType = "com.apple.product-type.bundle.unit-test";
		};
		2FEF5588228DCC3800832118 /* FolderColorUITests */ = {
			isa = PBXNativeTarget;
			buildConfigurationList = 2FEF5598228DCC3800832118 /* Build configuration list for PBXNativeTarget "FolderColorUITests" */;
			buildPhases = (
				2FEF5585228DCC3800832118 /* Sources */,
				2FEF5586228DCC3800832118 /* Frameworks */,
				2FEF5587228DCC3800832118 /* Resources */,
			);
			buildRules = (
			);
			dependencies = (
				2FEF558B228DCC3800832118 /* PBXTargetDependency */,
			);
			name = FolderColorUITests;
			productName = FolderColorUITests;
			productReference = 2FEF5589228DCC3800832118 /* FolderColorUITests.xctest */;
			productType = "com.apple.product-type.bundle.ui-testing";
		};
/* End PBXNativeTarget section */

/* Begin PBXProject section */
		2FEF555F228DCC3700832118 /* Project object */ = {
			isa = PBXProject;
			attributes = {
				LastSwiftUpdateCheck = 1020;
				LastUpgradeCheck = 1120;
				ORGANIZATIONNAME = "黄宝成";
				TargetAttributes = {
					2FEF5566228DCC3700832118 = {
						CreatedOnToolsVersion = 10.2.1;
					};
					2FEF557D228DCC3800832118 = {
						CreatedOnToolsVersion = 10.2.1;
						TestTargetID = 2FEF5566228DCC3700832118;
					};
					2FEF5588228DCC3800832118 = {
						CreatedOnToolsVersion = 10.2.1;
						TestTargetID = 2FEF5566228DCC3700832118;
					};
				};
			};
			buildConfigurationList = 2FEF5562228DCC3700832118 /* Build configuration list for PBXProject "FolderColor" */;
			compatibilityVersion = "Xcode 9.3";
			developmentRegion = en;
			hasScannedForEncodings = 0;
			knownRegions = (
				en,
				Base,
			);
			mainGroup = 2FEF555E228DCC3700832118;
			productRefGroup = 2FEF5568228DCC3700832118 /* Products */;
			projectDirPath = "";
			projectRoot = "";
			targets = (
				2FEF5566228DCC3700832118 /* FolderColor */,
				2FEF557D228DCC3800832118 /* FolderColorTests */,
				2FEF5588228DCC3800832118 /* FolderColorUITests */,
			);
		};
/* End PBXProject section */

/* Begin PBXResourcesBuildPhase section */
		2FEF5565228DCC3700832118 /* Resources */ = {
			isa = PBXResourcesBuildPhase;
			buildActionMask = 2147483647;
			files = (
				2FEF5574228DCC3800832118 /* Assets.xcassets in Resources */,
				2FEF5577228DCC3800832118 /* Main.storyboard in Resources */,
			);
			runOnlyForDeploymentPostprocessing = 0;
		};
		2FEF557C228DCC3800832118 /* Resources */ = {
			isa = PBXResourcesBuildPhase;
			buildActionMask = 2147483647;
			files = (
			);
			runOnlyForDeploymentPostprocessing = 0;
		};
		2FEF5587228DCC3800832118 /* Resources */ = {
			isa = PBXResourcesBuildPhase;
			buildActionMask = 2147483647;
			files = (
			);
			runOnlyForDeploymentPostprocessing = 0;
		};
/* End PBXResourcesBuildPhase section */

/* Begin PBXSourcesBuildPhase section */
		2FEF5563228DCC3700832118 /* Sources */ = {
			isa = PBXSourcesBuildPhase;
			buildActionMask = 2147483647;
			files = (
				2FEF5572228DCC3700832118 /* Document.xcdatamodeld in Sources */,
				2FEF556D228DCC3700832118 /* ViewController.swift in Sources */,
				2FEF556B228DCC3700832118 /* AppDelegate.swift in Sources */,
				2FEF556F228DCC3700832118 /* Document.swift in Sources */,
			);
			runOnlyForDeploymentPostprocessing = 0;
		};
		2FEF557A228DCC3800832118 /* Sources */ = {
			isa = PBXSourcesBuildPhase;
			buildActionMask = 2147483647;
			files = (
				2FEF5583228DCC3800832118 /* FolderColorTests.swift in Sources */,
			);
			runOnlyForDeploymentPostprocessing = 0;
		};
		2FEF5585228DCC3800832118 /* Sources */ = {
			isa = PBXSourcesBuildPhase;
			buildActionMask = 2147483647;
			files = (
				2FEF558E228DCC3800832118 /* FolderColorUITests.swift in Sources */,
			);
			runOnlyForDeploymentPostprocessing = 0;
		};
/* End PBXSourcesBuildPhase section */

/* Begin PBXTargetDependency section */
		2FEF5580228DCC3800832118 /* PBXTargetDependency */ = {
			isa = PBXTargetDependency;
			target = 2FEF5566228DCC3700832118 /* FolderColor */;
			targetProxy = 2FEF557F228DCC3800832118 /* PBXContainerItemProxy */;
		};
		2FEF558B228DCC3800832118 /* PBXTargetDependency */ = {
			isa = PBXTargetDependency;
			target = 2FEF5566228DCC3700832118 /* FolderColor */;
			targetProxy = 2FEF558A228DCC3800832118 /* PBXContainerItemProxy */;
		};
/* End PBXTargetDependency section */

/* Begin PBXVariantGroup section */
		2FEF5575228DCC3800832118 /* Main.storyboard */ = {
			isa = PBXVariantGroup;
			children = (
				2FEF5576228DCC3800832118 /* Base */,
			);
			name = Main.storyboard;
			sourceTree = "<group>";
		};
/* End PBXVariantGroup section */

/* Begin XCBuildConfiguration section */
		2FEF5590228DCC3800832118 /* Debug */ = {
			isa = XCBuildConfiguration;
			buildSettings = {
				ALWAYS_SEARCH_USER_PATHS = NO;
				CLANG_ANALYZER_NONNULL = YES;
				CLANG_ANALYZER_NUMBER_OBJECT_CONVERSION = YES_AGGRESSIVE;
				CLANG_CXX_LANGUAGE_STANDARD = "gnu++14";
				CLANG_CXX_LIBRARY = "libc++";
				CLANG_ENABLE_MODULES = YES;
				CLANG_ENABLE_OBJC_ARC = YES;
				CLANG_ENABLE_OBJC_WEAK = YES;
				CLANG_WARN_BLOCK_CAPTURE_AUTORELEASING = YES;
				CLANG_WARN_BOOL_CONVERSION = YES;
				CLANG_WARN_COMMA = YES;
				CLANG_WARN_CONSTANT_CONVERSION = YES;
				CLANG_WARN_DEPRECATED_OBJC_IMPLEMENTATIONS = YES;
				CLANG_WARN_DIRECT_OBJC_ISA_USAGE = YES_ERROR;
				CLANG_WARN_DOCUMENTATION_COMMENTS = YES;
				CLANG_WARN_EMPTY_BODY = YES;
				CLANG_WARN_ENUM_CONVERSION = YES;
				CLANG_WARN_INFINITE_RECURSION = YES;
				CLANG_WARN_INT_CONVERSION = YES;
				CLANG_WARN_NON_LITERAL_NULL_CONVERSION = YES;
				CLANG_WARN_OBJC_IMPLICIT_RETAIN_SELF = YES;
				CLANG_WARN_OBJC_LITERAL_CONVERSION = YES;
				CLANG_WARN_OBJC_ROOT_CLASS = YES_ERROR;
				CLANG_WARN_RANGE_LOOP_ANALYSIS = YES;
				CLANG_WARN_STRICT_PROTOTYPES = YES;
				CLANG_WARN_SUSPICIOUS_MOVE = YES;
				CLANG_WARN_UNGUARDED_AVAILABILITY = YES_AGGRESSIVE;
				CLANG_WARN_UNREACHABLE_CODE = YES;
				CLANG_WARN__DUPLICATE_METHOD_MATCH = YES;
				CODE_SIGN_IDENTITY = "Mac Developer";
				COPY_PHASE_STRIP = NO;
				DEBUG_INFORMATION_FORMAT = dwarf;
				ENABLE_STRICT_OBJC_MSGSEND = YES;
				ENABLE_TESTABILITY = YES;
				GCC_C_LANGUAGE_STANDARD = gnu11;
				GCC_DYNAMIC_NO_PIC = NO;
				GCC_NO_COMMON_BLOCKS = YES;
				GCC_OPTIMIZATION_LEVEL = 0;
				GCC_PREPROCESSOR_DEFINITIONS = (
					"DEBUG=1",
					"$(inherited)",
				);
				GCC_WARN_64_TO_32_BIT_CONVERSION = YES;
				GCC_WARN_ABOUT_RETURN_TYPE = YES_ERROR;
				GCC_WARN_UNDECLARED_SELECTOR = YES;
				GCC_WARN_UNINITIALIZED_AUTOS = YES_AGGRESSIVE;
				GCC_WARN_UNUSED_FUNCTION = YES;
				GCC_WARN_UNUSED_VARIABLE = YES;
				MACOSX_DEPLOYMENT_TARGET = 10.14;
				MTL_ENABLE_DEBUG_INFO = INCLUDE_SOURCE;
				MTL_FAST_MATH = YES;
				ONLY_ACTIVE_ARCH = YES;
				SDKROOT = macosx;
				SWIFT_ACTIVE_COMPILATION_CONDITIONS = DEBUG;
				SWIFT_OPTIMIZATION_LEVEL = "-Onone";
			};
			name = Debug;
		};
		2FEF5591228DCC3800832118 /* Release */ = {
			isa = XCBuildConfiguration;
			buildSettings = {
				ALWAYS_SEARCH_USER_PATHS = NO;
				CLANG_ANALYZER_NONNULL = YES;
				CLANG_ANALYZER_NUMBER_OBJECT_CONVERSION = YES_AGGRESSIVE;
				CLANG_CXX_LANGUAGE_STANDARD = "gnu++14";
				CLANG_CXX_LIBRARY = "libc++";
				CLANG_ENABLE_MODULES = YES;
				CLANG_ENABLE_OBJC_ARC = YES;
				CLANG_ENABLE_OBJC_WEAK = YES;
				CLANG_WARN_BLOCK_CAPTURE_AUTORELEASING = YES;
				CLANG_WARN_BOOL_CONVERSION = YES;
				CLANG_WARN_COMMA = YES;
				CLANG_WARN_CONSTANT_CONVERSION = YES;
				CLANG_WARN_DEPRECATED_OBJC_IMPLEMENTATIONS = YES;
				CLANG_WARN_DIRECT_OBJC_ISA_USAGE = YES_ERROR;
				CLANG_WARN_DOCUMENTATION_COMMENTS = YES;
				CLANG_WARN_EMPTY_BODY = YES;
				CLANG_WARN_ENUM_CONVERSION = YES;
				CLANG_WARN_INFINITE_RECURSION = YES;
				CLANG_WARN_INT_CONVERSION = YES;
				CLANG_WARN_NON_LITERAL_NULL_CONVERSION = YES;
				CLANG_WARN_OBJC_IMPLICIT_RETAIN_SELF = YES;
				CLANG_WARN_OBJC_LITERAL_CONVERSION = YES;
				CLANG_WARN_OBJC_ROOT_CLASS = YES_ERROR;
				CLANG_WARN_RANGE_LOOP_ANALYSIS = YES;
				CLANG_WARN_STRICT_PROTOTYPES = YES;
				CLANG_WARN_SUSPICIOUS_MOVE = YES;
				CLANG_WARN_UNGUARDED_AVAILABILITY = YES_AGGRESSIVE;
				CLANG_WARN_UNREACHABLE_CODE = YES;
				CLANG_WARN__DUPLICATE_METHOD_MATCH = YES;
				CODE_SIGN_IDENTITY = "Mac Developer";
				COPY_PHASE_STRIP = NO;
				DEBUG_INFORMATION_FORMAT = "dwarf-with-dsym";
				ENABLE_NS_ASSERTIONS = NO;
				ENABLE_STRICT_OBJC_MSGSEND = YES;
				GCC_C_LANGUAGE_STANDARD = gnu11;
				GCC_NO_COMMON_BLOCKS = YES;
				GCC_WARN_64_TO_32_BIT_CONVERSION = YES;
				GCC_WARN_ABOUT_RETURN_TYPE = YES_ERROR;
				GCC_WARN_UNDECLARED_SELECTOR = YES;
				GCC_WARN_UNINITIALIZED_AUTOS = YES_AGGRESSIVE;
				GCC_WARN_UNUSED_FUNCTION = YES;
				GCC_WARN_UNUSED_VARIABLE = YES;
				MACOSX_DEPLOYMENT_TARGET = 10.14;
				MTL_ENABLE_DEBUG_INFO = NO;
				MTL_FAST_MATH = YES;
				SDKROOT = macosx;
				SWIFT_COMPILATION_MODE = wholemodule;
				SWIFT_OPTIMIZATION_LEVEL = "-O";
			};
			name = Release;
		};
		2FEF5593228DCC3800832118 /* Debug */ = {
			isa = XCBuildConfiguration;
			buildSettings = {
				ASSETCATALOG_COMPILER_APPICON_NAME = AppIcon;
				CODE_SIGN_ENTITLEMENTS = FolderColor/FolderColor.entitlements;
				CODE_SIGN_IDENTITY = "-";
				CODE_SIGN_STYLE = Automatic;
				COMBINE_HIDPI_IMAGES = YES;
				DEVELOPMENT_TEAM = NPX5YQ2XE8;
				INFOPLIST_FILE = FolderColor/Info.plist;
				LD_RUNPATH_SEARCH_PATHS = (
					"$(inherited)",
					"@executable_path/../Frameworks",
				);
				PRODUCT_BUNDLE_IDENTIFIER = "hbc-project.FolderColor";
				PRODUCT_NAME = "$(TARGET_NAME)";
				SWIFT_VERSION = 5.0;
			};
			name = Debug;
		};
		2FEF5594228DCC3800832118 /* Release */ = {
			isa = XCBuildConfiguration;
			buildSettings = {
				ASSETCATALOG_COMPILER_APPICON_NAME = AppIcon;
				CODE_SIGN_ENTITLEMENTS = FolderColor/FolderColor.entitlements;
				CODE_SIGN_IDENTITY = "-";
				CODE_SIGN_STYLE = Automatic;
				COMBINE_HIDPI_IMAGES = YES;
				DEVELOPMENT_TEAM = NPX5YQ2XE8;
				INFOPLIST_FILE = FolderColor/Info.plist;
				LD_RUNPATH_SEARCH_PATHS = (
					"$(inherited)",
					"@executable_path/../Frameworks",
				);
				PRODUCT_BUNDLE_IDENTIFIER = "hbc-project.FolderColor";
				PRODUCT_NAME = "$(TARGET_NAME)";
				SWIFT_VERSION = 5.0;
			};
			name = Release;
		};
		2FEF5596228DCC3800832118 /* Debug */ = {
			isa = XCBuildConfiguration;
			buildSettings = {
				ALWAYS_EMBED_SWIFT_STANDARD_LIBRARIES = YES;
				BUNDLE_LOADER = "$(TEST_HOST)";
				CODE_SIGN_STYLE = Automatic;
				COMBINE_HIDPI_IMAGES = YES;
				DEVELOPMENT_TEAM = NPX5YQ2XE8;
				INFOPLIST_FILE = FolderColorTests/Info.plist;
				LD_RUNPATH_SEARCH_PATHS = (
					"$(inherited)",
					"@executable_path/../Frameworks",
					"@loader_path/../Frameworks",
				);
				PRODUCT_BUNDLE_IDENTIFIER = "hbc-project.FolderColorTests";
				PRODUCT_NAME = "$(TARGET_NAME)";
				SWIFT_VERSION = 5.0;
				TEST_HOST = "$(BUILT_PRODUCTS_DIR)/FolderColor.app/Contents/MacOS/FolderColor";
			};
			name = Debug;
		};
		2FEF5597228DCC3800832118 /* Release */ = {
			isa = XCBuildConfiguration;
			buildSettings = {
				ALWAYS_EMBED_SWIFT_STANDARD_LIBRARIES = YES;
				BUNDLE_LOADER = "$(TEST_HOST)";
				CODE_SIGN_STYLE = Automatic;
				COMBINE_HIDPI_IMAGES = YES;
				DEVELOPMENT_TEAM = NPX5YQ2XE8;
				INFOPLIST_FILE = FolderColorTests/Info.plist;
				LD_RUNPATH_SEARCH_PATHS = (
					"$(inherited)",
					"@executable_path/../Frameworks",
					"@loader_path/../Frameworks",
				);
				PRODUCT_BUNDLE_IDENTIFIER = "hbc-project.FolderColorTests";
				PRODUCT_NAME = "$(TARGET_NAME)";
				SWIFT_VERSION = 5.0;
				TEST_HOST = "$(BUILT_PRODUCTS_DIR)/FolderColor.app/Contents/MacOS/FolderColor";
			};
			name = Release;
		};
		2FEF5599228DCC3800832118 /* Debug */ = {
			isa = XCBuildConfiguration;
			buildSettings = {
				ALWAYS_EMBED_SWIFT_STANDARD_LIBRARIES = YES;
				CODE_SIGN_STYLE = Automatic;
				COMBINE_HIDPI_IMAGES = YES;
				DEVELOPMENT_TEAM = NPX5YQ2XE8;
				INFOPLIST_FILE = FolderColorUITests/Info.plist;
				LD_RUNPATH_SEARCH_PATHS = (
					"$(inherited)",
					"@executable_path/../Frameworks",
					"@loader_path/../Frameworks",
				);
				PRODUCT_BUNDLE_IDENTIFIER = "hbc-project.FolderColorUITests";
				PRODUCT_NAME = "$(TARGET_NAME)";
				SWIFT_VERSION = 5.0;
				TEST_TARGET_NAME = FolderColor;
			};
			name = Debug;
		};
		2FEF559A228DCC3800832118 /* Release */ = {
			isa = XCBuildConfiguration;
			buildSettings = {
				ALWAYS_EMBED_SWIFT_STANDARD_LIBRARIES = YES;
				CODE_SIGN_STYLE = Automatic;
				COMBINE_HIDPI_IMAGES = YES;
				DEVELOPMENT_TEAM = NPX5YQ2XE8;
				INFOPLIST_FILE = FolderColorUITests/Info.plist;
				LD_RUNPATH_SEARCH_PATHS = (
					"$(inherited)",
					"@executable_path/../Frameworks",
					"@loader_path/../Frameworks",
				);
				PRODUCT_BUNDLE_IDENTIFIER = "hbc-project.FolderColorUITests";
				PRODUCT_NAME = "$(TARGET_NAME)";
				SWIFT_VERSION = 5.0;
				TEST_TARGET_NAME = FolderColor;
			};
			name = Release;
		};
/* End XCBuildConfiguration section */

/* Begin XCConfigurationList section */
		2FEF5562228DCC3700832118 /* Build configuration list for PBXProject "FolderColor" */ = {
			isa = XCConfigurationList;
			buildConfigurations = (
				2FEF5590228DCC3800832118 /* Debug */,
				2FEF5591228DCC3800832118 /* Release */,
			);
			defaultConfigurationIsVisible = 0;
			defaultConfigurationName = Release;
		};
		2FEF5592228DCC3800832118 /* Build configuration list for PBXNativeTarget "FolderColor" */ = {
			isa = XCConfigurationList;
			buildConfigurations = (
				2FEF5593228DCC3800832118 /* Debug */,
				2FEF5594228DCC3800832118 /* Release */,
			);
			defaultConfigurationIsVisible = 0;
			defaultConfigurationName = Release;
		};
		2FEF5595228DCC3800832118 /* Build configuration list for PBXNativeTarget "FolderColorTests" */ = {
			isa = XCConfigurationList;
			buildConfigurations = (
				2FEF5596228DCC3800832118 /* Debug */,
				2FEF5597228DCC3800832118 /* Release */,
			);
			defaultConfigurationIsVisible = 0;
			defaultConfigurationName = Release;
		};
		2FEF5598228DCC3800832118 /* Build configuration list for PBXNativeTarget "FolderColorUITests" */ = {
			isa = XCConfigurationList;
			buildConfigurations = (
				2FEF5599228DCC3800832118 /* Debug */,
				2FEF559A228DCC3800832118 /* Release */,
			);
			defaultConfigurationIsVisible = 0;
			defaultConfigurationName = Release;
		};
/* End XCConfigurationList section */

/* Begin XCVersionGroup section */
		2FEF5570228DCC3700832118 /* Document.xcdatamodeld */ = {
			isa = XCVersionGroup;
			children = (
				2FEF5571228DCC3700832118 /* Document.xcdatamodel */,
			);
			currentVersion = 2FEF5571228DCC3700832118 /* Document.xcdatamodel */;
			path = Document.xcdatamodeld;
			sourceTree = "<group>";
			versionGroupType = wrapper.xcdatamodel;
		};
/* End XCVersionGroup section */
	};
	rootObject = 2FEF555F228DCC3700832118 /* Project object */;
}
